
Microsoft Visual Studio Solution File, Format Version 12.00
# Visual Studio 15
VisualStudioVersion = 15.0.27130.2020
MinimumVisualStudioVersion = 10.0.40219.1
Project("{FAE04EC0-301F-11D3-BF4B-00C04F79EFBC}") = "Javascriptpractice", "Javascriptpractice\Javascriptpractice.csproj", "{CCA4BF98-2C98-43A0-A913-077F978C534F}"
EndProject
Global
	GlobalSection(SolutionConfigurationPlatforms) = preSolution
		Debug|Any CPU = Debug|Any CPU
		Release|Any CPU = Release|Any CPU
	EndGlobalSection
	GlobalSection(ProjectConfigurationPlatforms) = postSolution
		{CCA4BF98-2C98-43A0-A913-077F978C534F}.Debug|Any CPU.ActiveCfg = Debug|Any CPU
		{CCA4BF98-2C98-43A0-A913-077F978C534F}.Debug|Any CPU.Build.0 = Debug|Any CPU
		{CCA4BF98-2C98-43A0-A913-077F978C534F}.Release|Any CPU.ActiveCfg = Release|Any CPU
		{CCA4BF98-2C98-43A0-A913-077F978C534F}.Release|Any CPU.Build.0 = Release|Any CPU
	EndGlobalSection
	GlobalSection(SolutionProperties) = preSolution
		HideSolutionNode = FALSE
	EndGlobalSection
	GlobalSection(ExtensibilityGlobals) = postSolution
		SolutionGuid = {AC03D3D1-2D8B-4C13-B38C-23CB85DEEDD4}
	EndGlobalSection
EndGlobal
